
Microsoft Visual Studio Solution File, Format Version 12.00
# Visual Studio Version 17
VisualStudioVersion = 17.3.32901.215
MinimumVisualStudioVersion = 10.0.40219.1
Project("{9A19103F-16F7-4668-BE54-9A1E7A4F7556}") = "Kursa4", "Kursa4\Kursa4.csproj", "{96D11F1B-A3A8-4C96-8E39-A572E1B43DF8}"
EndProject
Project("{2150E333-8FDC-42A3-9474-1A3956D46DE8}") = "Элементы решения", "Элементы решения", "{880EE4BF-62A7-4A09-92BC-9DD5BDE6A6A4}"
	ProjectSection(SolutionItems) = preProject
		app.config = app.config
	EndProjectSection
EndProject
Global
	GlobalSection(SolutionConfigurationPlatforms) = preSolution
		Debug|Any CPU = Debug|Any CPU
		Release|Any CPU = Release|Any CPU
	EndGlobalSection
	GlobalSection(ProjectConfigurationPlatforms) = postSolution
		{96D11F1B-A3A8-4C96-8E39-A572E1B43DF8}.Debug|Any CPU.ActiveCfg = Debug|Any CPU
		{96D11F1B-A3A8-4C96-8E39-A572E1B43DF8}.Debug|Any CPU.Build.0 = Debug|Any CPU
		{96D11F1B-A3A8-4C96-8E39-A572E1B43DF8}.Release|Any CPU.ActiveCfg = Release|Any CPU
		{96D11F1B-A3A8-4C96-8E39-A572E1B43DF8}.Release|Any CPU.Build.0 = Release|Any CPU
	EndGlobalSection
	GlobalSection(SolutionProperties) = preSolution
		HideSolutionNode = FALSE
	EndGlobalSection
	GlobalSection(ExtensibilityGlobals) = postSolution
		SolutionGuid = {E9CBBB16-F9D1-4D22-B93C-2E7385691A8E}
	EndGlobalSection
EndGlobal
